
Microsoft Visual Studio Solution File, Format Version 12.00
# Visual Studio 15
VisualStudioVersion = 15.0.27130.2027
MinimumVisualStudioVersion = 10.0.40219.1
Project("{FAE04EC0-301F-11D3-BF4B-00C04F79EFBC}") = "Task_4", "Ttttttttttttttttttask4\Task_4.csproj", "{5EF3B535-AD6B-4AF0-8766-0949D3EF43F8}"
EndProject
Project("{FAE04EC0-301F-11D3-BF4B-00C04F79EFBC}") = "Solution", "Solution\Solution.csproj", "{BA43F77A-1CA4-4C9F-BFDC-15E82D9E6500}"
EndProject
Global
	GlobalSection(SolutionConfigurationPlatforms) = preSolution
		Debug|Any CPU = Debug|Any CPU
		Release|Any CPU = Release|Any CPU
	EndGlobalSection
	GlobalSection(ProjectConfigurationPlatforms) = postSolution
		{5EF3B535-AD6B-4AF0-8766-0949D3EF43F8}.Debug|Any CPU.ActiveCfg = Debug|Any CPU
		{5EF3B535-AD6B-4AF0-8766-0949D3EF43F8}.Debug|Any CPU.Build.0 = Debug|Any CPU
		{5EF3B535-AD6B-4AF0-8766-0949D3EF43F8}.Release|Any CPU.ActiveCfg = Release|Any CPU
		{5EF3B535-AD6B-4AF0-8766-0949D3EF43F8}.Release|Any CPU.Build.0 = Release|Any CPU
		{BA43F77A-1CA4-4C9F-BFDC-15E82D9E6500}.Debug|Any CPU.ActiveCfg = Debug|Any CPU
		{BA43F77A-1CA4-4C9F-BFDC-15E82D9E6500}.Debug|Any CPU.Build.0 = Debug|Any CPU
		{BA43F77A-1CA4-4C9F-BFDC-15E82D9E6500}.Release|Any CPU.ActiveCfg = Release|Any CPU
		{BA43F77A-1CA4-4C9F-BFDC-15E82D9E6500}.Release|Any CPU.Build.0 = Release|Any CPU
	EndGlobalSection
	GlobalSection(SolutionProperties) = preSolution
		HideSolutionNode = FALSE
	EndGlobalSection
	GlobalSection(ExtensibilityGlobals) = postSolution
		SolutionGuid = {B16A22FD-5670-491E-83DB-D52EE9CE0C6D}
	EndGlobalSection
EndGlobal
